
Microsoft Visual Studio Solution File, Format Version 12.00
# Visual Studio Version 16
VisualStudioVersion = 16.0.31025.194
MinimumVisualStudioVersion = 10.0.40219.1
Project("{9A19103F-16F7-4668-BE54-9A1E7A4F7556}") = "ApiWithMediatR", "ApiWithMediatR\ApiWithMediatR.csproj", "{6F2D4159-E513-4EAA-8D85-F753B0EEC7DA}"
EndProject
Project("{9A19103F-16F7-4668-BE54-9A1E7A4F7556}") = "Services", "Services\Services.csproj", "{C215D423-F361-482A-B399-60836CAAF06A}"
EndProject
Project("{FAE04EC0-301F-11D3-BF4B-00C04F79EFBC}") = "Domain", "Domain\Domain.csproj", "{2BD79E7C-EC83-45EF-8581-082439549C69}"
EndProject
Project("{FAE04EC0-301F-11D3-BF4B-00C04F79EFBC}") = "Persistence", "Persistence\Persistence.csproj", "{E0171306-DFB3-488C-99FD-A5B0EE361727}"
EndProject
Project("{FAE04EC0-301F-11D3-BF4B-00C04F79EFBC}") = "Common", "Common\Common.csproj", "{A8DED65D-B927-4D58-86F6-BA8F523866DE}"
EndProject
Global
	GlobalSection(SolutionConfigurationPlatforms) = preSolution
		Debug|Any CPU = Debug|Any CPU
		Release|Any CPU = Release|Any CPU
	EndGlobalSection
	GlobalSection(ProjectConfigurationPlatforms) = postSolution
		{6F2D4159-E513-4EAA-8D85-F753B0EEC7DA}.Debug|Any CPU.ActiveCfg = Debug|Any CPU
		{6F2D4159-E513-4EAA-8D85-F753B0EEC7DA}.Debug|Any CPU.Build.0 = Debug|Any CPU
		{6F2D4159-E513-4EAA-8D85-F753B0EEC7DA}.Release|Any CPU.ActiveCfg = Release|Any CPU
		{6F2D4159-E513-4EAA-8D85-F753B0EEC7DA}.Release|Any CPU.Build.0 = Release|Any CPU
		{C215D423-F361-482A-B399-60836CAAF06A}.Debug|Any CPU.ActiveCfg = Debug|Any CPU
		{C215D423-F361-482A-B399-60836CAAF06A}.Debug|Any CPU.Build.0 = Debug|Any CPU
		{C215D423-F361-482A-B399-60836CAAF06A}.Release|Any CPU.ActiveCfg = Release|Any CPU
		{C215D423-F361-482A-B399-60836CAAF06A}.Release|Any CPU.Build.0 = Release|Any CPU
		{2BD79E7C-EC83-45EF-8581-082439549C69}.Debug|Any CPU.ActiveCfg = Debug|Any CPU
		{2BD79E7C-EC83-45EF-8581-082439549C69}.Debug|Any CPU.Build.0 = Debug|Any CPU
		{2BD79E7C-EC83-45EF-8581-082439549C69}.Release|Any CPU.ActiveCfg = Release|Any CPU
		{2BD79E7C-EC83-45EF-8581-082439549C69}.Release|Any CPU.Build.0 = Release|Any CPU
		{E0171306-DFB3-488C-99FD-A5B0EE361727}.Debug|Any CPU.ActiveCfg = Debug|Any CPU
		{E0171306-DFB3-488C-99FD-A5B0EE361727}.Debug|Any CPU.Build.0 = Debug|Any CPU
		{E0171306-DFB3-488C-99FD-A5B0EE361727}.Release|Any CPU.ActiveCfg = Release|Any CPU
		{E0171306-DFB3-488C-99FD-A5B0EE361727}.Release|Any CPU.Build.0 = Release|Any CPU
		{A8DED65D-B927-4D58-86F6-BA8F523866DE}.Debug|Any CPU.ActiveCfg = Debug|Any CPU
		{A8DED65D-B927-4D58-86F6-BA8F523866DE}.Debug|Any CPU.Build.0 = Debug|Any CPU
		{A8DED65D-B927-4D58-86F6-BA8F523866DE}.Release|Any CPU.ActiveCfg = Release|Any CPU
		{A8DED65D-B927-4D58-86F6-BA8F523866DE}.Release|Any CPU.Build.0 = Release|Any CPU
	EndGlobalSection
	GlobalSection(SolutionProperties) = preSolution
		HideSolutionNode = FALSE
	EndGlobalSection
	GlobalSection(ExtensibilityGlobals) = postSolution
		SolutionGuid = {12A0AFD7-3068-4E6E-91D1-5540D942998D}
	EndGlobalSection
EndGlobal
